
Microsoft Visual Studio Solution File, Format Version 12.00
# Visual Studio Version 17
VisualStudioVersion = 17.14.36202.13 d17.14
MinimumVisualStudioVersion = 10.0.40219.1
Project("{8BC9CEB8-8B4A-11D0-8D11-00A0C91BC942}") = "pong", "pong\pong.vcxproj", "{7BF59EA3-40A0-49F6-827A-39F2C14F8A7F}"
EndProject
Global
	GlobalSection(SolutionConfigurationPlatforms) = preSolution
		Debug|x64 = Debug|x64
		Debug|x86 = Debug|x86
		Release|x64 = Release|x64
		Release|x86 = Release|x86
	EndGlobalSection
	GlobalSection(ProjectConfigurationPlatforms) = postSolution
		{7BF59EA3-40A0-49F6-827A-39F2C14F8A7F}.Debug|x64.ActiveCfg = Debug|x64
		{7BF59EA3-40A0-49F6-827A-39F2C14F8A7F}.Debug|x64.Build.0 = Debug|x64
		{7BF59EA3-40A0-49F6-827A-39F2C14F8A7F}.Debug|x86.ActiveCfg = Debug|Win32
		{7BF59EA3-40A0-49F6-827A-39F2C14F8A7F}.Debug|x86.Build.0 = Debug|Win32
		{7BF59EA3-40A0-49F6-827A-39F2C14F8A7F}.Release|x64.ActiveCfg = Release|x64
		{7BF59EA3-40A0-49F6-827A-39F2C14F8A7F}.Release|x64.Build.0 = Release|x64
		{7BF59EA3-40A0-49F6-827A-39F2C14F8A7F}.Release|x86.ActiveCfg = Release|Win32
		{7BF59EA3-40A0-49F6-827A-39F2C14F8A7F}.Release|x86.Build.0 = Release|Win32
	EndGlobalSection
	GlobalSection(SolutionProperties) = preSolution
		HideSolutionNode = FALSE
	EndGlobalSection
	GlobalSection(ExtensibilityGlobals) = postSolution
		SolutionGuid = {2D285812-1913-419F-A321-2682A5BB610B}
	EndGlobalSection
EndGlobal
